
Microsoft Visual Studio Solution File, Format Version 12.00
# Visual Studio 15
VisualStudioVersion = 15.0.28010.2003
MinimumVisualStudioVersion = 10.0.40219.1
Project("{FAE04EC0-301F-11D3-BF4B-00C04F79EFBC}") = "Client", "Client\Client.csproj", "{79185B37-1E16-4BB1-97BD-F7C6716B359F}"
EndProject
Project("{FAE04EC0-301F-11D3-BF4B-00C04F79EFBC}") = "Engine", "Engine\Engine.csproj", "{4ED35222-3F64-4D68-9887-E2310E03336F}"
EndProject
Global
	GlobalSection(SolutionConfigurationPlatforms) = preSolution
		Debug|Any CPU = Debug|Any CPU
		Debug|x86 = Debug|x86
		Release|Any CPU = Release|Any CPU
		Release|x86 = Release|x86
	EndGlobalSection
	GlobalSection(ProjectConfigurationPlatforms) = postSolution
		{79185B37-1E16-4BB1-97BD-F7C6716B359F}.Debug|Any CPU.ActiveCfg = Debug|x86
		{79185B37-1E16-4BB1-97BD-F7C6716B359F}.Debug|x86.ActiveCfg = Debug|x86
		{79185B37-1E16-4BB1-97BD-F7C6716B359F}.Debug|x86.Build.0 = Debug|x86
		{79185B37-1E16-4BB1-97BD-F7C6716B359F}.Release|Any CPU.ActiveCfg = Release|x86
		{79185B37-1E16-4BB1-97BD-F7C6716B359F}.Release|x86.ActiveCfg = Release|x86
		{79185B37-1E16-4BB1-97BD-F7C6716B359F}.Release|x86.Build.0 = Release|x86
		{4ED35222-3F64-4D68-9887-E2310E03336F}.Debug|Any CPU.ActiveCfg = Debug|Any CPU
		{4ED35222-3F64-4D68-9887-E2310E03336F}.Debug|Any CPU.Build.0 = Debug|Any CPU
		{4ED35222-3F64-4D68-9887-E2310E03336F}.Debug|x86.ActiveCfg = Debug|Any CPU
		{4ED35222-3F64-4D68-9887-E2310E03336F}.Debug|x86.Build.0 = Debug|Any CPU
		{4ED35222-3F64-4D68-9887-E2310E03336F}.Release|Any CPU.ActiveCfg = Release|Any CPU
		{4ED35222-3F64-4D68-9887-E2310E03336F}.Release|Any CPU.Build.0 = Release|Any CPU
		{4ED35222-3F64-4D68-9887-E2310E03336F}.Release|x86.ActiveCfg = Release|Any CPU
		{4ED35222-3F64-4D68-9887-E2310E03336F}.Release|x86.Build.0 = Release|Any CPU
	EndGlobalSection
	GlobalSection(SolutionProperties) = preSolution
		HideSolutionNode = FALSE
	EndGlobalSection
	GlobalSection(ExtensibilityGlobals) = postSolution
		SolutionGuid = {F2368227-9741-41FF-B947-8C1F804F1637}
	EndGlobalSection
EndGlobal
